
Microsoft Visual Studio Solution File, Format Version 12.00
# Visual Studio Version 17
VisualStudioVersion = 17.0.32002.185
MinimumVisualStudioVersion = 10.0.40219.1
Project("{F2A71F9B-5D33-465A-A702-920D77279786}") = "AdventOfCode", "AdventOfCode.fsproj", "{743D1121-4EAC-46C6-8BCE-E042A05D6FA3}"
EndProject
Global
	GlobalSection(SolutionConfigurationPlatforms) = preSolution
		Debug|Any CPU = Debug|Any CPU
		Release|Any CPU = Release|Any CPU
	EndGlobalSection
	GlobalSection(ProjectConfigurationPlatforms) = postSolution
		{743D1121-4EAC-46C6-8BCE-E042A05D6FA3}.Debug|Any CPU.ActiveCfg = Debug|Any CPU
		{743D1121-4EAC-46C6-8BCE-E042A05D6FA3}.Debug|Any CPU.Build.0 = Debug|Any CPU
		{743D1121-4EAC-46C6-8BCE-E042A05D6FA3}.Release|Any CPU.ActiveCfg = Release|Any CPU
		{743D1121-4EAC-46C6-8BCE-E042A05D6FA3}.Release|Any CPU.Build.0 = Release|Any CPU
	EndGlobalSection
	GlobalSection(SolutionProperties) = preSolution
		HideSolutionNode = FALSE
	EndGlobalSection
	GlobalSection(ExtensibilityGlobals) = postSolution
		SolutionGuid = {A1111DA3-08B9-4811-A7C3-DE2C85AC221C}
	EndGlobalSection
EndGlobal
